
Microsoft Visual Studio Solution File, Format Version 12.00
# Visual Studio Version 16
VisualStudioVersion = 16.0.30907.101
MinimumVisualStudioVersion = 10.0.40219.1
Project("{9A19103F-16F7-4668-BE54-9A1E7A4F7556}") = "Module_3_Practice_1", "Module_3_Practice_1\Module_3_Practice_1.csproj", "{34FDD1F3-7EE8-464E-817E-6C931C3B2BE9}"
EndProject
Global
	GlobalSection(SolutionConfigurationPlatforms) = preSolution
		Debug|Any CPU = Debug|Any CPU
		Release|Any CPU = Release|Any CPU
	EndGlobalSection
	GlobalSection(ProjectConfigurationPlatforms) = postSolution
		{34FDD1F3-7EE8-464E-817E-6C931C3B2BE9}.Debug|Any CPU.ActiveCfg = Debug|Any CPU
		{34FDD1F3-7EE8-464E-817E-6C931C3B2BE9}.Debug|Any CPU.Build.0 = Debug|Any CPU
		{34FDD1F3-7EE8-464E-817E-6C931C3B2BE9}.Release|Any CPU.ActiveCfg = Release|Any CPU
		{34FDD1F3-7EE8-464E-817E-6C931C3B2BE9}.Release|Any CPU.Build.0 = Release|Any CPU
	EndGlobalSection
	GlobalSection(SolutionProperties) = preSolution
		HideSolutionNode = FALSE
	EndGlobalSection
	GlobalSection(ExtensibilityGlobals) = postSolution
		SolutionGuid = {264253E0-AB5F-471B-86F4-778FB494CAE5}
	EndGlobalSection
EndGlobal
